
Microsoft Visual Studio Solution File, Format Version 12.00
# Visual Studio Version 17
VisualStudioVersion = 17.5.002.0
MinimumVisualStudioVersion = 10.0.40219.1
Project("{9A19103F-16F7-4668-BE54-9A1E7A4F7556}") = "abacate", "abacate\abacate.csproj", "{BE086603-B6D9-4AA6-B43B-4283EC02D21B}"
EndProject
Global
	GlobalSection(SolutionConfigurationPlatforms) = preSolution
		Debug|Any CPU = Debug|Any CPU
		Release|Any CPU = Release|Any CPU
	EndGlobalSection
	GlobalSection(ProjectConfigurationPlatforms) = postSolution
		{BE086603-B6D9-4AA6-B43B-4283EC02D21B}.Debug|Any CPU.ActiveCfg = Debug|Any CPU
		{BE086603-B6D9-4AA6-B43B-4283EC02D21B}.Debug|Any CPU.Build.0 = Debug|Any CPU
		{BE086603-B6D9-4AA6-B43B-4283EC02D21B}.Release|Any CPU.ActiveCfg = Release|Any CPU
		{BE086603-B6D9-4AA6-B43B-4283EC02D21B}.Release|Any CPU.Build.0 = Release|Any CPU
	EndGlobalSection
	GlobalSection(SolutionProperties) = preSolution
		HideSolutionNode = FALSE
	EndGlobalSection
	GlobalSection(ExtensibilityGlobals) = postSolution
		SolutionGuid = {B8E6066A-8549-4174-B5EE-47A8DE0B78D6}
	EndGlobalSection
EndGlobal
